Microsoft Visual Studio Solution File, Format Version 11.00
# Visual Studio 2008

Project("{B8A39A5A-3126-48B0-4DFF-690281868086}") = "Doodle Jump", "Assembly-CSharp-firstpass.csproj", "{61757743-B334-B509-75BC-D72CF5A9CA2F}"
EndProject
Project("{B8A39A5A-3126-48B0-4DFF-690281868086}") = "Doodle Jump", "Assembly-CSharp-Editor.csproj", "{05F6DC07-7C35-E124-ACD7-987AEF69D2AE}"
EndProject
Global
	GlobalSection(SolutionConfigurationPlatforms) = preSolution
		Debug|Any CPU = Debug|Any CPU
		Release|Any CPU = Release|Any CPU
	EndGlobalSection
	GlobalSection(ProjectConfigurationPlatforms) = postSolution
		{61757743-B334-B509-75BC-D72CF5A9CA2F}.Debug|Any CPU.ActiveCfg = Debug|Any CPU
		{61757743-B334-B509-75BC-D72CF5A9CA2F}.Debug|Any CPU.Build.0 = Debug|Any CPU
		{61757743-B334-B509-75BC-D72CF5A9CA2F}.Release|Any CPU.ActiveCfg = Release|Any CPU
		{61757743-B334-B509-75BC-D72CF5A9CA2F}.Release|Any CPU.Build.0 = Release|Any CPU
		{05F6DC07-7C35-E124-ACD7-987AEF69D2AE}.Debug|Any CPU.ActiveCfg = Debug|Any CPU
		{05F6DC07-7C35-E124-ACD7-987AEF69D2AE}.Debug|Any CPU.Build.0 = Debug|Any CPU
		{05F6DC07-7C35-E124-ACD7-987AEF69D2AE}.Release|Any CPU.ActiveCfg = Release|Any CPU
		{05F6DC07-7C35-E124-ACD7-987AEF69D2AE}.Release|Any CPU.Build.0 = Release|Any CPU
	EndGlobalSection
	GlobalSection(SolutionProperties) = preSolution
		HideSolutionNode = FALSE
	EndGlobalSection
	GlobalSection(MonoDevelopProperties) = preSolution
		StartupItem = Assembly-CSharp.csproj
	EndGlobalSection
EndGlobal
