
Microsoft Visual Studio Solution File, Format Version 12.00
# Visual Studio 2015
Project("{FAE04EC0-301F-11D3-BF4B-00C04F79EFBC}") = "Doodle Jump.CSharp.Plugins", "Doodle Jump.CSharp.Plugins.csproj", "{626FB80E-904D-7DE8-B339-350FC7758F0D}"
EndProject
Project("{FAE04EC0-301F-11D3-BF4B-00C04F79EFBC}") = "Doodle Jump.CSharp.Editor", "Doodle Jump.CSharp.Editor.csproj", "{63E08872-7B64-651D-FAD3-6AB833FE5C43}"
EndProject
Global
	GlobalSection(SolutionConfigurationPlatforms) = preSolution
		Debug|Any CPU = Debug|Any CPU
		Release|Any CPU = Release|Any CPU
	EndGlobalSection
	GlobalSection(ProjectConfigurationPlatforms) = postSolution
		{626FB80E-904D-7DE8-B339-350FC7758F0D}.Debug|Any CPU.ActiveCfg = Debug|Any CPU
		{626FB80E-904D-7DE8-B339-350FC7758F0D}.Debug|Any CPU.Build.0 = Debug|Any CPU
		{626FB80E-904D-7DE8-B339-350FC7758F0D}.Release|Any CPU.ActiveCfg = Release|Any CPU
		{626FB80E-904D-7DE8-B339-350FC7758F0D}.Release|Any CPU.Build.0 = Release|Any CPU
		{63E08872-7B64-651D-FAD3-6AB833FE5C43}.Debug|Any CPU.ActiveCfg = Debug|Any CPU
		{63E08872-7B64-651D-FAD3-6AB833FE5C43}.Debug|Any CPU.Build.0 = Debug|Any CPU
		{63E08872-7B64-651D-FAD3-6AB833FE5C43}.Release|Any CPU.ActiveCfg = Release|Any CPU
		{63E08872-7B64-651D-FAD3-6AB833FE5C43}.Release|Any CPU.Build.0 = Release|Any CPU
	EndGlobalSection
	GlobalSection(SolutionProperties) = preSolution
		HideSolutionNode = FALSE
	EndGlobalSection
EndGlobal
